
Microsoft Visual Studio Solution File, Format Version 12.00
# Visual Studio 15
VisualStudioVersion = 15.0.27130.2027
MinimumVisualStudioVersion = 10.0.40219.1
Project("{FAE04EC0-301F-11D3-BF4B-00C04F79EFBC}") = "BusinessEntity", "BusinessEntity\BusinessEntity.csproj", "{2C885562-C2EC-419E-AC15-4DF2173E2008}"
EndProject
Project("{FAE04EC0-301F-11D3-BF4B-00C04F79EFBC}") = "DataAccessLayer", "DataAccessLayer\DataAccessLayer.csproj", "{7E9C910C-CFEA-486C-AA68-9D34892BCDE9}"
EndProject
Project("{FAE04EC0-301F-11D3-BF4B-00C04F79EFBC}") = "BusinessAccessLayer", "BusinessAccessLayer\BusinessAccessLayer.csproj", "{20F801B2-0449-4F30-8280-CF600ACCA3DA}"
EndProject
Project("{FAE04EC0-301F-11D3-BF4B-00C04F79EFBC}") = "PresentationLayer", "PresentationLayer\PresentationLayer.csproj", "{F5095BF1-4395-4163-9641-6E924BBEED38}"
EndProject
Global
	GlobalSection(SolutionConfigurationPlatforms) = preSolution
		Debug|Any CPU = Debug|Any CPU
		Release|Any CPU = Release|Any CPU
	EndGlobalSection
	GlobalSection(ProjectConfigurationPlatforms) = postSolution
		{2C885562-C2EC-419E-AC15-4DF2173E2008}.Debug|Any CPU.ActiveCfg = Debug|Any CPU
		{2C885562-C2EC-419E-AC15-4DF2173E2008}.Debug|Any CPU.Build.0 = Debug|Any CPU
		{2C885562-C2EC-419E-AC15-4DF2173E2008}.Release|Any CPU.ActiveCfg = Release|Any CPU
		{2C885562-C2EC-419E-AC15-4DF2173E2008}.Release|Any CPU.Build.0 = Release|Any CPU
		{7E9C910C-CFEA-486C-AA68-9D34892BCDE9}.Debug|Any CPU.ActiveCfg = Debug|Any CPU
		{7E9C910C-CFEA-486C-AA68-9D34892BCDE9}.Debug|Any CPU.Build.0 = Debug|Any CPU
		{7E9C910C-CFEA-486C-AA68-9D34892BCDE9}.Release|Any CPU.ActiveCfg = Release|Any CPU
		{7E9C910C-CFEA-486C-AA68-9D34892BCDE9}.Release|Any CPU.Build.0 = Release|Any CPU
		{20F801B2-0449-4F30-8280-CF600ACCA3DA}.Debug|Any CPU.ActiveCfg = Debug|Any CPU
		{20F801B2-0449-4F30-8280-CF600ACCA3DA}.Debug|Any CPU.Build.0 = Debug|Any CPU
		{20F801B2-0449-4F30-8280-CF600ACCA3DA}.Release|Any CPU.ActiveCfg = Release|Any CPU
		{20F801B2-0449-4F30-8280-CF600ACCA3DA}.Release|Any CPU.Build.0 = Release|Any CPU
		{F5095BF1-4395-4163-9641-6E924BBEED38}.Debug|Any CPU.ActiveCfg = Debug|Any CPU
		{F5095BF1-4395-4163-9641-6E924BBEED38}.Debug|Any CPU.Build.0 = Debug|Any CPU
		{F5095BF1-4395-4163-9641-6E924BBEED38}.Release|Any CPU.ActiveCfg = Release|Any CPU
		{F5095BF1-4395-4163-9641-6E924BBEED38}.Release|Any CPU.Build.0 = Release|Any CPU
	EndGlobalSection
	GlobalSection(SolutionProperties) = preSolution
		HideSolutionNode = FALSE
	EndGlobalSection
	GlobalSection(ExtensibilityGlobals) = postSolution
		SolutionGuid = {C32247EE-9236-41CD-A543-85E68B6A2D17}
	EndGlobalSection
EndGlobal
